
Microsoft Visual Studio Solution File, Format Version 12.00
# Visual Studio 15
VisualStudioVersion = 15.0.28307.168
MinimumVisualStudioVersion = 10.0.40219.1
Project("{FAE04EC0-301F-11D3-BF4B-00C04F79EFBC}") = "ConsoleOauth2AppV2", "ConsoleOauth2AppV2\ConsoleOauth2AppV2.csproj", "{3BFFF317-43B5-400D-85E0-46F10789F850}"
EndProject
Project("{FAE04EC0-301F-11D3-BF4B-00C04F79EFBC}") = "ConsoleOauth2AppV4", "ConsoleOauth2AppV4\ConsoleOauth2AppV4.csproj", "{F52B499A-9B03-460C-9C85-3EB522C8CC61}"
EndProject
Global
	GlobalSection(SolutionConfigurationPlatforms) = preSolution
		Debug|Any CPU = Debug|Any CPU
		Release|Any CPU = Release|Any CPU
	EndGlobalSection
	GlobalSection(ProjectConfigurationPlatforms) = postSolution
		{3BFFF317-43B5-400D-85E0-46F10789F850}.Debug|Any CPU.ActiveCfg = Debug|Any CPU
		{3BFFF317-43B5-400D-85E0-46F10789F850}.Debug|Any CPU.Build.0 = Debug|Any CPU
		{3BFFF317-43B5-400D-85E0-46F10789F850}.Release|Any CPU.ActiveCfg = Release|Any CPU
		{3BFFF317-43B5-400D-85E0-46F10789F850}.Release|Any CPU.Build.0 = Release|Any CPU
		{F52B499A-9B03-460C-9C85-3EB522C8CC61}.Debug|Any CPU.ActiveCfg = Debug|Any CPU
		{F52B499A-9B03-460C-9C85-3EB522C8CC61}.Debug|Any CPU.Build.0 = Debug|Any CPU
		{F52B499A-9B03-460C-9C85-3EB522C8CC61}.Release|Any CPU.ActiveCfg = Release|Any CPU
		{F52B499A-9B03-460C-9C85-3EB522C8CC61}.Release|Any CPU.Build.0 = Release|Any CPU
	EndGlobalSection
	GlobalSection(SolutionProperties) = preSolution
		HideSolutionNode = FALSE
	EndGlobalSection
	GlobalSection(ExtensibilityGlobals) = postSolution
		SolutionGuid = {9D2B9D79-9E54-4314-81EF-61454ED93852}
	EndGlobalSection
EndGlobal
